
Microsoft Visual Studio Solution File, Format Version 12.00
# Visual Studio Version 17
VisualStudioVersion = 17.8.34511.84
MinimumVisualStudioVersion = 10.0.40219.1
Project("{FAE04EC0-301F-11D3-BF4B-00C04F79EFBC}") = "HealthDataApp", "HealthDataApp.csproj", "{1DE43FCD-0B48-4967-8DA6-208772692E96}"
EndProject
Global
	GlobalSection(SolutionConfigurationPlatforms) = preSolution
		Debug|Any CPU = Debug|Any CPU
		Release|Any CPU = Release|Any CPU
	EndGlobalSection
	GlobalSection(ProjectConfigurationPlatforms) = postSolution
		{1DE43FCD-0B48-4967-8DA6-208772692E96}.Debug|Any CPU.ActiveCfg = Debug|Any CPU
		{1DE43FCD-0B48-4967-8DA6-208772692E96}.Debug|Any CPU.Build.0 = Debug|Any CPU
		{1DE43FCD-0B48-4967-8DA6-208772692E96}.Release|Any CPU.ActiveCfg = Release|Any CPU
		{1DE43FCD-0B48-4967-8DA6-208772692E96}.Release|Any CPU.Build.0 = Release|Any CPU
	EndGlobalSection
	GlobalSection(SolutionProperties) = preSolution
		HideSolutionNode = FALSE
	EndGlobalSection
	GlobalSection(ExtensibilityGlobals) = postSolution
		SolutionGuid = {F317E3BA-13A6-4411-8ED1-463D75F6F4E6}
	EndGlobalSection
EndGlobal
